
Microsoft Visual Studio Solution File, Format Version 12.00
# Visual Studio Version 17
VisualStudioVersion = 17.10.35004.147
MinimumVisualStudioVersion = 10.0.40219.1
Project("{9A19103F-16F7-4668-BE54-9A1E7A4F7556}") = "OutOfOffice", "OutOfOffice\OutOfOffice.csproj", "{D7FD24C1-164C-4D1F-B946-A630829D6C3B}"
EndProject
Project("{9A19103F-16F7-4668-BE54-9A1E7A4F7556}") = "OutOfOffice.Core", "OutOfOffice.Core\OutOfOffice.Core.csproj", "{70B7F187-E354-4985-B08E-EB3C3F4DE25B}"
EndProject
Project("{9A19103F-16F7-4668-BE54-9A1E7A4F7556}") = "OutOfOffice.Persistence", "OutOfOffice.Persistence\OutOfOffice.Persistence.csproj", "{787129F0-5609-45DA-AF7C-C4C5AD6CFC42}"
EndProject
Project("{FAE04EC0-301F-11D3-BF4B-00C04F79EFBC}") = "OutOfOffice.Application", "OutOfOffice.Application\OutOfOffice.Application.csproj", "{C74F127F-53DF-44E9-9386-1E211F8BBC50}"
EndProject
Global
	GlobalSection(SolutionConfigurationPlatforms) = preSolution
		Debug|Any CPU = Debug|Any CPU
		Release|Any CPU = Release|Any CPU
	EndGlobalSection
	GlobalSection(ProjectConfigurationPlatforms) = postSolution
		{D7FD24C1-164C-4D1F-B946-A630829D6C3B}.Debug|Any CPU.ActiveCfg = Debug|Any CPU
		{D7FD24C1-164C-4D1F-B946-A630829D6C3B}.Debug|Any CPU.Build.0 = Debug|Any CPU
		{D7FD24C1-164C-4D1F-B946-A630829D6C3B}.Release|Any CPU.ActiveCfg = Release|Any CPU
		{D7FD24C1-164C-4D1F-B946-A630829D6C3B}.Release|Any CPU.Build.0 = Release|Any CPU
		{70B7F187-E354-4985-B08E-EB3C3F4DE25B}.Debug|Any CPU.ActiveCfg = Debug|Any CPU
		{70B7F187-E354-4985-B08E-EB3C3F4DE25B}.Debug|Any CPU.Build.0 = Debug|Any CPU
		{70B7F187-E354-4985-B08E-EB3C3F4DE25B}.Release|Any CPU.ActiveCfg = Release|Any CPU
		{70B7F187-E354-4985-B08E-EB3C3F4DE25B}.Release|Any CPU.Build.0 = Release|Any CPU
		{787129F0-5609-45DA-AF7C-C4C5AD6CFC42}.Debug|Any CPU.ActiveCfg = Debug|Any CPU
		{787129F0-5609-45DA-AF7C-C4C5AD6CFC42}.Debug|Any CPU.Build.0 = Debug|Any CPU
		{787129F0-5609-45DA-AF7C-C4C5AD6CFC42}.Release|Any CPU.ActiveCfg = Release|Any CPU
		{787129F0-5609-45DA-AF7C-C4C5AD6CFC42}.Release|Any CPU.Build.0 = Release|Any CPU
		{C74F127F-53DF-44E9-9386-1E211F8BBC50}.Debug|Any CPU.ActiveCfg = Debug|Any CPU
		{C74F127F-53DF-44E9-9386-1E211F8BBC50}.Debug|Any CPU.Build.0 = Debug|Any CPU
		{C74F127F-53DF-44E9-9386-1E211F8BBC50}.Release|Any CPU.ActiveCfg = Release|Any CPU
		{C74F127F-53DF-44E9-9386-1E211F8BBC50}.Release|Any CPU.Build.0 = Release|Any CPU
	EndGlobalSection
	GlobalSection(SolutionProperties) = preSolution
		HideSolutionNode = FALSE
	EndGlobalSection
	GlobalSection(ExtensibilityGlobals) = postSolution
		SolutionGuid = {C6AD4D66-0030-4602-ACD6-87824288A6D5}
	EndGlobalSection
EndGlobal
